
Microsoft Visual Studio Solution File, Format Version 12.00
# Visual Studio Version 16
VisualStudioVersion = 16.0.28917.181
MinimumVisualStudioVersion = 10.0.40219.1
Project("{FAE04EC0-301F-11D3-BF4B-00C04F79EFBC}") = "MusicPlayer-team1", "MusicPlayer-team1.csproj", "{7219038A-8C89-4044-8672-0A7A1D313A7E}"
EndProject
Global
	GlobalSection(SolutionConfigurationPlatforms) = preSolution
		Debug|ARM = Debug|ARM
		Debug|ARM64 = Debug|ARM64
		Debug|x64 = Debug|x64
		Debug|x86 = Debug|x86
		Release|ARM = Release|ARM
		Release|ARM64 = Release|ARM64
		Release|x64 = Release|x64
		Release|x86 = Release|x86
	EndGlobalSection
	GlobalSection(ProjectConfigurationPlatforms) = postSolution
		{7219038A-8C89-4044-8672-0A7A1D313A7E}.Debug|ARM.ActiveCfg = Debug|ARM
		{7219038A-8C89-4044-8672-0A7A1D313A7E}.Debug|ARM.Build.0 = Debug|ARM
		{7219038A-8C89-4044-8672-0A7A1D313A7E}.Debug|ARM.Deploy.0 = Debug|ARM
		{7219038A-8C89-4044-8672-0A7A1D313A7E}.Debug|ARM64.ActiveCfg = Debug|ARM64
		{7219038A-8C89-4044-8672-0A7A1D313A7E}.Debug|ARM64.Build.0 = Debug|ARM64
		{7219038A-8C89-4044-8672-0A7A1D313A7E}.Debug|ARM64.Deploy.0 = Debug|ARM64
		{7219038A-8C89-4044-8672-0A7A1D313A7E}.Debug|x64.ActiveCfg = Debug|x64
		{7219038A-8C89-4044-8672-0A7A1D313A7E}.Debug|x64.Build.0 = Debug|x64
		{7219038A-8C89-4044-8672-0A7A1D313A7E}.Debug|x64.Deploy.0 = Debug|x64
		{7219038A-8C89-4044-8672-0A7A1D313A7E}.Debug|x86.ActiveCfg = Debug|x86
		{7219038A-8C89-4044-8672-0A7A1D313A7E}.Debug|x86.Build.0 = Debug|x86
		{7219038A-8C89-4044-8672-0A7A1D313A7E}.Debug|x86.Deploy.0 = Debug|x86
		{7219038A-8C89-4044-8672-0A7A1D313A7E}.Release|ARM.ActiveCfg = Release|ARM
		{7219038A-8C89-4044-8672-0A7A1D313A7E}.Release|ARM.Build.0 = Release|ARM
		{7219038A-8C89-4044-8672-0A7A1D313A7E}.Release|ARM.Deploy.0 = Release|ARM
		{7219038A-8C89-4044-8672-0A7A1D313A7E}.Release|ARM64.ActiveCfg = Release|ARM64
		{7219038A-8C89-4044-8672-0A7A1D313A7E}.Release|ARM64.Build.0 = Release|ARM64
		{7219038A-8C89-4044-8672-0A7A1D313A7E}.Release|ARM64.Deploy.0 = Release|ARM64
		{7219038A-8C89-4044-8672-0A7A1D313A7E}.Release|x64.ActiveCfg = Release|x64
		{7219038A-8C89-4044-8672-0A7A1D313A7E}.Release|x64.Build.0 = Release|x64
		{7219038A-8C89-4044-8672-0A7A1D313A7E}.Release|x64.Deploy.0 = Release|x64
		{7219038A-8C89-4044-8672-0A7A1D313A7E}.Release|x86.ActiveCfg = Release|x86
		{7219038A-8C89-4044-8672-0A7A1D313A7E}.Release|x86.Build.0 = Release|x86
		{7219038A-8C89-4044-8672-0A7A1D313A7E}.Release|x86.Deploy.0 = Release|x86
	EndGlobalSection
	GlobalSection(SolutionProperties) = preSolution
		HideSolutionNode = FALSE
	EndGlobalSection
	GlobalSection(ExtensibilityGlobals) = postSolution
		SolutionGuid = {71AF6F3F-6683-44C3-9C0D-E7F7DA553EA3}
	EndGlobalSection
EndGlobal
